
Microsoft Visual Studio Solution File, Format Version 12.00
# Visual Studio 15
VisualStudioVersion = 15.0.26124.0
MinimumVisualStudioVersion = 15.0.26124.0
Project("{2150E333-8FDC-42A3-9474-1A3956D46DE8}") = "source", "source", "{43732A3A-D0B7-49C0-8F6D-CF27C8651569}"
EndProject
Project("{FAE04EC0-301F-11D3-BF4B-00C04F79EFBC}") = "Wallet.Domain", "source\Wallet.Domain\Wallet.Domain.csproj", "{C09A03DE-9F06-44C9-A898-774E3E158CFD}"
EndProject
Project("{2150E333-8FDC-42A3-9474-1A3956D46DE8}") = "tests", "tests", "{CD655DC9-1119-40C4-B999-977AEB3033C6}"
EndProject
Project("{FAE04EC0-301F-11D3-BF4B-00C04F79EFBC}") = "Wallet.UnitTests", "tests\Wallet.UnitTests\Wallet.UnitTests.csproj", "{51C9F8C0-CFDA-4BE7-8B1C-6CC9BD48029F}"
EndProject
Project("{FAE04EC0-301F-11D3-BF4B-00C04F79EFBC}") = "Wallet.Application", "source\Wallet.Application\Wallet.Application.csproj", "{61974D4F-C8B0-48B3-9093-93255CCDE214}"
EndProject
Global
	GlobalSection(SolutionConfigurationPlatforms) = preSolution
		Debug|Any CPU = Debug|Any CPU
		Debug|x64 = Debug|x64
		Debug|x86 = Debug|x86
		Release|Any CPU = Release|Any CPU
		Release|x64 = Release|x64
		Release|x86 = Release|x86
	EndGlobalSection
	GlobalSection(SolutionProperties) = preSolution
		HideSolutionNode = FALSE
	EndGlobalSection
	GlobalSection(ProjectConfigurationPlatforms) = postSolution
		{C09A03DE-9F06-44C9-A898-774E3E158CFD}.Debug|Any CPU.ActiveCfg = Debug|Any CPU
		{C09A03DE-9F06-44C9-A898-774E3E158CFD}.Debug|Any CPU.Build.0 = Debug|Any CPU
		{C09A03DE-9F06-44C9-A898-774E3E158CFD}.Debug|x64.ActiveCfg = Debug|Any CPU
		{C09A03DE-9F06-44C9-A898-774E3E158CFD}.Debug|x64.Build.0 = Debug|Any CPU
		{C09A03DE-9F06-44C9-A898-774E3E158CFD}.Debug|x86.ActiveCfg = Debug|Any CPU
		{C09A03DE-9F06-44C9-A898-774E3E158CFD}.Debug|x86.Build.0 = Debug|Any CPU
		{C09A03DE-9F06-44C9-A898-774E3E158CFD}.Release|Any CPU.ActiveCfg = Release|Any CPU
		{C09A03DE-9F06-44C9-A898-774E3E158CFD}.Release|Any CPU.Build.0 = Release|Any CPU
		{C09A03DE-9F06-44C9-A898-774E3E158CFD}.Release|x64.ActiveCfg = Release|Any CPU
		{C09A03DE-9F06-44C9-A898-774E3E158CFD}.Release|x64.Build.0 = Release|Any CPU
		{C09A03DE-9F06-44C9-A898-774E3E158CFD}.Release|x86.ActiveCfg = Release|Any CPU
		{C09A03DE-9F06-44C9-A898-774E3E158CFD}.Release|x86.Build.0 = Release|Any CPU
		{51C9F8C0-CFDA-4BE7-8B1C-6CC9BD48029F}.Debug|Any CPU.ActiveCfg = Debug|Any CPU
		{51C9F8C0-CFDA-4BE7-8B1C-6CC9BD48029F}.Debug|Any CPU.Build.0 = Debug|Any CPU
		{51C9F8C0-CFDA-4BE7-8B1C-6CC9BD48029F}.Debug|x64.ActiveCfg = Debug|Any CPU
		{51C9F8C0-CFDA-4BE7-8B1C-6CC9BD48029F}.Debug|x64.Build.0 = Debug|Any CPU
		{51C9F8C0-CFDA-4BE7-8B1C-6CC9BD48029F}.Debug|x86.ActiveCfg = Debug|Any CPU
		{51C9F8C0-CFDA-4BE7-8B1C-6CC9BD48029F}.Debug|x86.Build.0 = Debug|Any CPU
		{51C9F8C0-CFDA-4BE7-8B1C-6CC9BD48029F}.Release|Any CPU.ActiveCfg = Release|Any CPU
		{51C9F8C0-CFDA-4BE7-8B1C-6CC9BD48029F}.Release|Any CPU.Build.0 = Release|Any CPU
		{51C9F8C0-CFDA-4BE7-8B1C-6CC9BD48029F}.Release|x64.ActiveCfg = Release|Any CPU
		{51C9F8C0-CFDA-4BE7-8B1C-6CC9BD48029F}.Release|x64.Build.0 = Release|Any CPU
		{51C9F8C0-CFDA-4BE7-8B1C-6CC9BD48029F}.Release|x86.ActiveCfg = Release|Any CPU
		{51C9F8C0-CFDA-4BE7-8B1C-6CC9BD48029F}.Release|x86.Build.0 = Release|Any CPU
		{61974D4F-C8B0-48B3-9093-93255CCDE214}.Debug|Any CPU.ActiveCfg = Debug|Any CPU
		{61974D4F-C8B0-48B3-9093-93255CCDE214}.Debug|Any CPU.Build.0 = Debug|Any CPU
		{61974D4F-C8B0-48B3-9093-93255CCDE214}.Debug|x64.ActiveCfg = Debug|Any CPU
		{61974D4F-C8B0-48B3-9093-93255CCDE214}.Debug|x64.Build.0 = Debug|Any CPU
		{61974D4F-C8B0-48B3-9093-93255CCDE214}.Debug|x86.ActiveCfg = Debug|Any CPU
		{61974D4F-C8B0-48B3-9093-93255CCDE214}.Debug|x86.Build.0 = Debug|Any CPU
		{61974D4F-C8B0-48B3-9093-93255CCDE214}.Release|Any CPU.ActiveCfg = Release|Any CPU
		{61974D4F-C8B0-48B3-9093-93255CCDE214}.Release|Any CPU.Build.0 = Release|Any CPU
		{61974D4F-C8B0-48B3-9093-93255CCDE214}.Release|x64.ActiveCfg = Release|Any CPU
		{61974D4F-C8B0-48B3-9093-93255CCDE214}.Release|x64.Build.0 = Release|Any CPU
		{61974D4F-C8B0-48B3-9093-93255CCDE214}.Release|x86.ActiveCfg = Release|Any CPU
		{61974D4F-C8B0-48B3-9093-93255CCDE214}.Release|x86.Build.0 = Release|Any CPU
	EndGlobalSection
	GlobalSection(NestedProjects) = preSolution
		{C09A03DE-9F06-44C9-A898-774E3E158CFD} = {43732A3A-D0B7-49C0-8F6D-CF27C8651569}
		{51C9F8C0-CFDA-4BE7-8B1C-6CC9BD48029F} = {CD655DC9-1119-40C4-B999-977AEB3033C6}
		{61974D4F-C8B0-48B3-9093-93255CCDE214} = {43732A3A-D0B7-49C0-8F6D-CF27C8651569}
	EndGlobalSection
EndGlobal
